
Microsoft Visual Studio Solution File, Format Version 12.00
# Visual Studio Version 17
VisualStudioVersion = 17.5.002.0
MinimumVisualStudioVersion = 10.0.40219.1
Project("{9A19103F-16F7-4668-BE54-9A1E7A4F7556}") = "tabuada", "tabuada.csproj", "{FE48E641-6284-4562-A5B1-EDA56F43FDFC}"
EndProject
Global
	GlobalSection(SolutionConfigurationPlatforms) = preSolution
		Debug|Any CPU = Debug|Any CPU
		Release|Any CPU = Release|Any CPU
	EndGlobalSection
	GlobalSection(ProjectConfigurationPlatforms) = postSolution
		{FE48E641-6284-4562-A5B1-EDA56F43FDFC}.Debug|Any CPU.ActiveCfg = Debug|Any CPU
		{FE48E641-6284-4562-A5B1-EDA56F43FDFC}.Debug|Any CPU.Build.0 = Debug|Any CPU
		{FE48E641-6284-4562-A5B1-EDA56F43FDFC}.Release|Any CPU.ActiveCfg = Release|Any CPU
		{FE48E641-6284-4562-A5B1-EDA56F43FDFC}.Release|Any CPU.Build.0 = Release|Any CPU
	EndGlobalSection
	GlobalSection(SolutionProperties) = preSolution
		HideSolutionNode = FALSE
	EndGlobalSection
	GlobalSection(ExtensibilityGlobals) = postSolution
		SolutionGuid = {5199A457-ABF5-46A3-A699-2B29FBC52CFE}
	EndGlobalSection
EndGlobal
